PODS:
  - 1PasswordExtension (1.8)
  - Alamofire (3.3.0)
  - APAddressBook/Core (0.2.3)
  - APAddressBook/Swift (0.2.3):
    - APAddressBook/Core
  - Base64 (1.1.2)
  - DeviceGuru (1.3.5)
  - FXBlurView (1.6.4)
  - Kanna (1.0.5)
  - KeyboardMan (0.6.0)
  - Kingfisher (2.2.0)
  - MonkeyKing (0.9.2)
  - Navi (0.4.2)
  - NSObject+Rx (1.2.1):
    - RxSwift (~> 2.1)
  - pop (1.0.9)
  - Proposer (0.8.0)
  - Realm (0.98.6):
    - Realm/Headers (= 0.98.6)
  - Realm/Headers (0.98.6)
  - RealmSwift (0.98.6):
    - Realm (= 0.98.6)
  - Ruler (0.6)
  - RxCocoa (2.3.1):
    - RxSwift (~> 2.3.1)
  - RxDataSources (0.6.2):
    - RxCocoa (~> 2.2)
    - RxSwift (~> 2.2)
  - RxGesture (0.1.6):
    - RxCocoa (~> 2.3.1)
  - RxMKMapView (2.0.3):
    - RxCocoa (~> 2.3.1)
    - RxSwift (~> 2.3.1)
  - RxOptional (2.0.0):
    - RxCocoa (~> 2.0)
    - RxSwift (~> 2.0)
  - RxSwift (2.3.1)
  - SocketRocket (0.5.0)
  - TPKeyboardAvoiding (1.2.11)

DEPENDENCIES:
  - 1PasswordExtension
  - Alamofire
  - APAddressBook/Swift
  - Base64
  - DeviceGuru
  - FXBlurView
  - Kanna
  - KeyboardMan
  - Kingfisher
  - MonkeyKing (~> 0.9)
  - Navi
  - NSObject+Rx (~> 1.2)
  - pop
  - Proposer
  - RealmSwift
  - Ruler
  - RxCocoa (~> 2.3)
  - RxDataSources (~> 0.6)
  - RxGesture (from `https://github.com/RxSwiftCommunity/RxGesture.git`)
  - RxMKMapView
  - RxOptional (~> 2.0)
  - RxSwift (~> 2.3)
  - SocketRocket
  - TPKeyboardAvoiding

EXTERNAL SOURCES:
  RxGesture:
    :git: https://github.com/RxSwiftCommunity/RxGesture.git

CHECKOUT OPTIONS:
  RxGesture:
    :commit: 667b64ef05eeb39c12a1193fb05b20448709431e
    :git: https://github.com/RxSwiftCommunity/RxGesture.git

SPEC CHECKSUMS:
  1PasswordExtension: 627d5aecf210c7636968faf5a4c3546c9531385b
  Alamofire: 9054db4a1b1ca9e363223183e01cea380159a27c
  APAddressBook: 2a91bf05999548bea210ec9d1a68073f4dc8bfce
  Base64: cecfb41a004124895a7bcee567a89bae5a89d49b
  DeviceGuru: 899d7dd478962e6e0f995fcdac0ca2741804d203
  FXBlurView: db786c2561cb49a09ae98407f52460096ab8a44f
  Kanna: 1df5cd995dc1f3a282e3dcf7521cfef2f069ac4d
  KeyboardMan: 665211f180093f5bb3c6ff7e8b7f858c432c6ccf
  Kingfisher: 350869ed88d6451803b390475d977abdd9f0a357
  MonkeyKing: 2cf420f9202a51714734374c97d96cf496e7ae2b
  Navi: f743d94c9879e646ee399b404d0b53100c66a8bd
  NSObject+Rx: 5d032a7f161602dec6b82dcf12731e91ce15b8da
  pop: f667631a5108a2e60d9e8797c9b32ddaf2080bce
  Proposer: 17cd7fd2509b0d8d7c9e33815d648087c7dcaa81
  Realm: 44803f35418c5d89b27825a564247fcd190de37e
  RealmSwift: c7239c52c83f8c43525a5269ba7be1694da33afc
  Ruler: b36ec3bbc5fc6c3b7f629a6052cc1c17ada4b280
  RxCocoa: a2baaf3462b989559a51dce59d78fbebb8fe0afa
  RxDataSources: 9ae26211019e6afb7391125940d719b4326e94a4
  RxGesture: da19da595b5fcfb27488c878475e77cf085e35aa
  RxMKMapView: fb2af0ee92a7cb7cbcf54262db571ccf957086bb
  RxOptional: b77fb47a0190213cf8a37c7a2b7fda28160b4563
  RxSwift: 829b2843e9eddc77a02cb3f5117f0d55f8f646f1
  SocketRocket: 2c51efccd2d73c99a923407ca4b06e7e9da95dbf
  TPKeyboardAvoiding: e5ce146b313de063957bfa75a13f1e9b0ff18ab7

PODFILE CHECKSUM: acc7d073fec3f91cf56e80e0fcddf1ad8d7f7f9f

COCOAPODS: 1.0.0.beta.4
